
Microsoft Visual Studio Solution File, Format Version 12.00
# Visual Studio Version 17
VisualStudioVersion = 17.12.35707.178
MinimumVisualStudioVersion = 10.0.40219.1
Project("{FAE04EC0-301F-11D3-BF4B-00C04F79EFBC}") = "AM.UI.Console", "AM.UI.Console\AM.UI.Console.csproj", "{028556E2-F01A-4B92-BA6E-A8665A6B808C}"
EndProject
Project("{FAE04EC0-301F-11D3-BF4B-00C04F79EFBC}") = "AM.ApplicationCore", "AM.ApplicationCore\AM.ApplicationCore.csproj", "{CF0F1CC2-F8B3-434B-B3AE-65370299135C}"
EndProject
Project("{FAE04EC0-301F-11D3-BF4B-00C04F79EFBC}") = "AM.infrastructure", "AM.infrastructure\AM.infrastructure.csproj", "{42325B5E-DC3D-40EB-9C8A-DBE82E507B88}"
EndProject
Global
	GlobalSection(SolutionConfigurationPlatforms) = preSolution
		Debug|Any CPU = Debug|Any CPU
		Release|Any CPU = Release|Any CPU
	EndGlobalSection
	GlobalSection(ProjectConfigurationPlatforms) = postSolution
		{028556E2-F01A-4B92-BA6E-A8665A6B808C}.Debug|Any CPU.ActiveCfg = Debug|Any CPU
		{028556E2-F01A-4B92-BA6E-A8665A6B808C}.Debug|Any CPU.Build.0 = Debug|Any CPU
		{028556E2-F01A-4B92-BA6E-A8665A6B808C}.Release|Any CPU.ActiveCfg = Release|Any CPU
		{028556E2-F01A-4B92-BA6E-A8665A6B808C}.Release|Any CPU.Build.0 = Release|Any CPU
		{CF0F1CC2-F8B3-434B-B3AE-65370299135C}.Debug|Any CPU.ActiveCfg = Debug|Any CPU
		{CF0F1CC2-F8B3-434B-B3AE-65370299135C}.Debug|Any CPU.Build.0 = Debug|Any CPU
		{CF0F1CC2-F8B3-434B-B3AE-65370299135C}.Release|Any CPU.ActiveCfg = Release|Any CPU
		{CF0F1CC2-F8B3-434B-B3AE-65370299135C}.Release|Any CPU.Build.0 = Release|Any CPU
		{42325B5E-DC3D-40EB-9C8A-DBE82E507B88}.Debug|Any CPU.ActiveCfg = Debug|Any CPU
		{42325B5E-DC3D-40EB-9C8A-DBE82E507B88}.Debug|Any CPU.Build.0 = Debug|Any CPU
		{42325B5E-DC3D-40EB-9C8A-DBE82E507B88}.Release|Any CPU.ActiveCfg = Release|Any CPU
		{42325B5E-DC3D-40EB-9C8A-DBE82E507B88}.Release|Any CPU.Build.0 = Release|Any CPU
	EndGlobalSection
	GlobalSection(SolutionProperties) = preSolution
		HideSolutionNode = FALSE
	EndGlobalSection
EndGlobal
